{
  "lib/core": {
    "branch": {
      "name": "delegator-simplify",
      "rev": "3f0e820c1b5a529724b3d4c378db60dcf7e3e2f7"
    }
  },
  "lib/forge-std": {
    "tag": {
      "name": "v1.17.0",
      "rev": "f3dae6e6ee381f25eb6a246f7da9b85c91a68219"
    }
  },
  "lib/openzeppelin-contracts": {
    "tag": {
      "name": "v5.5.0",
      "rev": "fcbae5394ae8ad52d8e580a3477db99814b9d565"
    }
  }
}
